
Microsoft Visual Studio Solution File, Format Version 12.00
# Visual Studio Version 16
VisualStudioVersion = 16.0.32228.343
MinimumVisualStudioVersion = 10.0.40219.1
Project("{8BC9CEB8-8B4A-11D0-8D11-00A0C91BC942}") = "Project1", "Project1\Project1.vcxproj", "{35EFF180-6FA2-4A52-9E30-03996DE741EF}"
EndProject
Project("{8BC9CEB8-8B4A-11D0-8D11-00A0C91BC942}") = "Project2", "Project2\Project2.vcxproj", "{A7271317-4409-4045-86B4-6AE7749EF660}"
EndProject
Project("{8BC9CEB8-8B4A-11D0-8D11-00A0C91BC942}") = "Project3", "Project3\Project3.vcxproj", "{9FF155F3-A2E4-4F1A-8E6F-F712127E9277}"
EndProject
Project("{8BC9CEB8-8B4A-11D0-8D11-00A0C91BC942}") = "Example_peresilka", "Example_peresilka\Example_peresilka.vcxproj", "{D274514A-2AA4-4F86-8DE3-9222D8FB1C82}"
EndProject
Project("{8BC9CEB8-8B4A-11D0-8D11-00A0C91BC942}") = "Example2", "Example2\Example2.vcxproj", "{673362E4-789B-4517-97B2-6910C69DEE4A}"
EndProject
Project("{8BC9CEB8-8B4A-11D0-8D11-00A0C91BC942}") = "Setka", "Setka\Setka.vcxproj", "{3FC4C53A-B887-4545-8AF2-AAB74468EBF1}"
EndProject
Project("{8BC9CEB8-8B4A-11D0-8D11-00A0C91BC942}") = "Setka2", "Setka2\Setka2.vcxproj", "{DE45ECF1-1C8D-41A7-902C-50B1B75EC7C8}"
EndProject
Project("{8BC9CEB8-8B4A-11D0-8D11-00A0C91BC942}") = "multiplication_matrix", "multiplication_matrix\multiplication_matrix.vcxproj", "{33A05ED4-E762-45ED-A04C-1B2C44F3DDDE}"
EndProject
Project("{8BC9CEB8-8B4A-11D0-8D11-00A0C91BC942}") = "Strassen Vinograd Algorithm", "Strassen Vinograd Algorithm\Strassen Vinograd Algorithm.vcxproj", "{219CA5D7-DF5D-4454-A6F6-0D13740AF5D5}"
EndProject
Project("{8BC9CEB8-8B4A-11D0-8D11-00A0C91BC942}") = "strassen_example", "strassen_example\strassen_example.vcxproj", "{F22E4C91-20FE-4608-9408-BF3C95768424}"
EndProject
Project("{8BC9CEB8-8B4A-11D0-8D11-00A0C91BC942}") = "str2", "str2\str2.vcxproj", "{1569F220-2558-47CB-9C0F-498896AF3FB5}"
EndProject
Project("{8BC9CEB8-8B4A-11D0-8D11-00A0C91BC942}") = "Matrix Multiplication using MPI Parallel", "Matrix Multiplication using MPI Parallel\Matrix Multiplication using MPI Parallel.vcxproj", "{B6191268-E68C-4CF5-921D-38FD47F057F5}"
EndProject
Project("{8BC9CEB8-8B4A-11D0-8D11-00A0C91BC942}") = "MPI_Parralel2", "MPI_Parralel2\MPI_Parralel2.vcxproj", "{5B2CECE7-0CCD-404F-B40C-69E3B69C91F9}"
EndProject
Project("{8BC9CEB8-8B4A-11D0-8D11-00A0C91BC942}") = "MPI_Parralel3", "MPI_Parralel3\MPI_Parralel3.vcxproj", "{C50AE79A-4AFB-4764-BC44-CF292EFB82E9}"
EndProject
Project("{8BC9CEB8-8B4A-11D0-8D11-00A0C91BC942}") = "Matrix Multiplication Parralel MPI2", "Matrix Multiplication Parralel MPI2\Matrix Multiplication Parralel MPI2.vcxproj", "{473E0C6A-6291-47B3-8B50-E00D85BA24DF}"
EndProject
Project("{8BC9CEB8-8B4A-11D0-8D11-00A0C91BC942}") = "Proverka", "Proverka\Proverka.vcxproj", "{81C1FD86-4C45-4A20-977B-25F706BA3A91}"
EndProject
Project("{8BC9CEB8-8B4A-11D0-8D11-00A0C91BC942}") = "M2", "M2\M2.vcxproj", "{BAC9B63A-7B55-40AE-A0C8-983A00F5FCB3}"
EndProject
Project("{8BC9CEB8-8B4A-11D0-8D11-00A0C91BC942}") = "Example4", "Example4\Example4.vcxproj", "{B0DA8559-6219-4E5E-A5A9-3522DED32650}"
EndProject
Project("{8BC9CEB8-8B4A-11D0-8D11-00A0C91BC942}") = "M3", "M3\M3.vcxproj", "{16FE703F-6B1B-45F9-8C1A-7B0BCA60EF9C}"
EndProject
Global
	GlobalSection(SolutionConfigurationPlatforms) = preSolution
		Debug|x64 = Debug|x64
		Debug|x86 = Debug|x86
		Release|x64 = Release|x64
		Release|x86 = Release|x86
	EndGlobalSection
	GlobalSection(ProjectConfigurationPlatforms) = postSolution
		{35EFF180-6FA2-4A52-9E30-03996DE741EF}.Debug|x64.ActiveCfg = Debug|x64
		{35EFF180-6FA2-4A52-9E30-03996DE741EF}.Debug|x64.Build.0 = Debug|x64
		{35EFF180-6FA2-4A52-9E30-03996DE741EF}.Debug|x86.ActiveCfg = Debug|Win32
		{35EFF180-6FA2-4A52-9E30-03996DE741EF}.Debug|x86.Build.0 = Debug|Win32
		{35EFF180-6FA2-4A52-9E30-03996DE741EF}.Release|x64.ActiveCfg = Release|x64
		{35EFF180-6FA2-4A52-9E30-03996DE741EF}.Release|x64.Build.0 = Release|x64
		{35EFF180-6FA2-4A52-9E30-03996DE741EF}.Release|x86.ActiveCfg = Release|Win32
		{35EFF180-6FA2-4A52-9E30-03996DE741EF}.Release|x86.Build.0 = Release|Win32
		{A7271317-4409-4045-86B4-6AE7749EF660}.Debug|x64.ActiveCfg = Debug|x64
		{A7271317-4409-4045-86B4-6AE7749EF660}.Debug|x64.Build.0 = Debug|x64
		{A7271317-4409-4045-86B4-6AE7749EF660}.Debug|x86.ActiveCfg = Debug|Win32
		{A7271317-4409-4045-86B4-6AE7749EF660}.Debug|x86.Build.0 = Debug|Win32
		{A7271317-4409-4045-86B4-6AE7749EF660}.Release|x64.ActiveCfg = Release|x64
		{A7271317-4409-4045-86B4-6AE7749EF660}.Release|x64.Build.0 = Release|x64
		{A7271317-4409-4045-86B4-6AE7749EF660}.Release|x86.ActiveCfg = Release|Win32
		{A7271317-4409-4045-86B4-6AE7749EF660}.Release|x86.Build.0 = Release|Win32
		{9FF155F3-A2E4-4F1A-8E6F-F712127E9277}.Debug|x64.ActiveCfg = Debug|x64
		{9FF155F3-A2E4-4F1A-8E6F-F712127E9277}.Debug|x64.Build.0 = Debug|x64
		{9FF155F3-A2E4-4F1A-8E6F-F712127E9277}.Debug|x86.ActiveCfg = Debug|Win32
		{9FF155F3-A2E4-4F1A-8E6F-F712127E9277}.Debug|x86.Build.0 = Debug|Win32
		{9FF155F3-A2E4-4F1A-8E6F-F712127E9277}.Release|x64.ActiveCfg = Release|x64
		{9FF155F3-A2E4-4F1A-8E6F-F712127E9277}.Release|x64.Build.0 = Release|x64
		{9FF155F3-A2E4-4F1A-8E6F-F712127E9277}.Release|x86.ActiveCfg = Release|Win32
		{9FF155F3-A2E4-4F1A-8E6F-F712127E9277}.Release|x86.Build.0 = Release|Win32
		{D274514A-2AA4-4F86-8DE3-9222D8FB1C82}.Debug|x64.ActiveCfg = Debug|x64
		{D274514A-2AA4-4F86-8DE3-9222D8FB1C82}.Debug|x64.Build.0 = Debug|x64
		{D274514A-2AA4-4F86-8DE3-9222D8FB1C82}.Debug|x86.ActiveCfg = Debug|Win32
		{D274514A-2AA4-4F86-8DE3-9222D8FB1C82}.Debug|x86.Build.0 = Debug|Win32
		{D274514A-2AA4-4F86-8DE3-9222D8FB1C82}.Release|x64.ActiveCfg = Release|x64
		{D274514A-2AA4-4F86-8DE3-9222D8FB1C82}.Release|x64.Build.0 = Release|x64
		{D274514A-2AA4-4F86-8DE3-9222D8FB1C82}.Release|x86.ActiveCfg = Release|Win32
		{D274514A-2AA4-4F86-8DE3-9222D8FB1C82}.Release|x86.Build.0 = Release|Win32
		{673362E4-789B-4517-97B2-6910C69DEE4A}.Debug|x64.ActiveCfg = Debug|x64
		{673362E4-789B-4517-97B2-6910C69DEE4A}.Debug|x64.Build.0 = Debug|x64
		{673362E4-789B-4517-97B2-6910C69DEE4A}.Debug|x86.ActiveCfg = Debug|Win32
		{673362E4-789B-4517-97B2-6910C69DEE4A}.Debug|x86.Build.0 = Debug|Win32
		{673362E4-789B-4517-97B2-6910C69DEE4A}.Release|x64.ActiveCfg = Release|x64
		{673362E4-789B-4517-97B2-6910C69DEE4A}.Release|x64.Build.0 = Release|x64
		{673362E4-789B-4517-97B2-6910C69DEE4A}.Release|x86.ActiveCfg = Release|Win32
		{673362E4-789B-4517-97B2-6910C69DEE4A}.Release|x86.Build.0 = Release|Win32
		{3FC4C53A-B887-4545-8AF2-AAB74468EBF1}.Debug|x64.ActiveCfg = Debug|x64
		{3FC4C53A-B887-4545-8AF2-AAB74468EBF1}.Debug|x64.Build.0 = Debug|x64
		{3FC4C53A-B887-4545-8AF2-AAB74468EBF1}.Debug|x86.ActiveCfg = Debug|Win32
		{3FC4C53A-B887-4545-8AF2-AAB74468EBF1}.Debug|x86.Build.0 = Debug|Win32
		{3FC4C53A-B887-4545-8AF2-AAB74468EBF1}.Release|x64.ActiveCfg = Release|x64
		{3FC4C53A-B887-4545-8AF2-AAB74468EBF1}.Release|x64.Build.0 = Release|x64
		{3FC4C53A-B887-4545-8AF2-AAB74468EBF1}.Release|x86.ActiveCfg = Release|Win32
		{3FC4C53A-B887-4545-8AF2-AAB74468EBF1}.Release|x86.Build.0 = Release|Win32
		{DE45ECF1-1C8D-41A7-902C-50B1B75EC7C8}.Debug|x64.ActiveCfg = Debug|x64
		{DE45ECF1-1C8D-41A7-902C-50B1B75EC7C8}.Debug|x64.Build.0 = Debug|x64
		{DE45ECF1-1C8D-41A7-902C-50B1B75EC7C8}.Debug|x86.ActiveCfg = Debug|Win32
		{DE45ECF1-1C8D-41A7-902C-50B1B75EC7C8}.Debug|x86.Build.0 = Debug|Win32
		{DE45ECF1-1C8D-41A7-902C-50B1B75EC7C8}.Release|x64.ActiveCfg = Release|x64
		{DE45ECF1-1C8D-41A7-902C-50B1B75EC7C8}.Release|x64.Build.0 = Release|x64
		{DE45ECF1-1C8D-41A7-902C-50B1B75EC7C8}.Release|x86.ActiveCfg = Release|Win32
		{DE45ECF1-1C8D-41A7-902C-50B1B75EC7C8}.Release|x86.Build.0 = Release|Win32
		{33A05ED4-E762-45ED-A04C-1B2C44F3DDDE}.Debug|x64.ActiveCfg = Debug|x64
		{33A05ED4-E762-45ED-A04C-1B2C44F3DDDE}.Debug|x64.Build.0 = Debug|x64
		{33A05ED4-E762-45ED-A04C-1B2C44F3DDDE}.Debug|x86.ActiveCfg = Debug|Win32
		{33A05ED4-E762-45ED-A04C-1B2C44F3DDDE}.Debug|x86.Build.0 = Debug|Win32
		{33A05ED4-E762-45ED-A04C-1B2C44F3DDDE}.Release|x64.ActiveCfg = Release|x64
		{33A05ED4-E762-45ED-A04C-1B2C44F3DDDE}.Release|x64.Build.0 = Release|x64
		{33A05ED4-E762-45ED-A04C-1B2C44F3DDDE}.Release|x86.ActiveCfg = Release|Win32
		{33A05ED4-E762-45ED-A04C-1B2C44F3DDDE}.Release|x86.Build.0 = Release|Win32
		{219CA5D7-DF5D-4454-A6F6-0D13740AF5D5}.Debug|x64.ActiveCfg = Debug|x64
		{219CA5D7-DF5D-4454-A6F6-0D13740AF5D5}.Debug|x64.Build.0 = Debug|x64
		{219CA5D7-DF5D-4454-A6F6-0D13740AF5D5}.Debug|x86.ActiveCfg = Debug|Win32
		{219CA5D7-DF5D-4454-A6F6-0D13740AF5D5}.Debug|x86.Build.0 = Debug|Win32
		{219CA5D7-DF5D-4454-A6F6-0D13740AF5D5}.Release|x64.ActiveCfg = Release|x64
		{219CA5D7-DF5D-4454-A6F6-0D13740AF5D5}.Release|x64.Build.0 = Release|x64
		{219CA5D7-DF5D-4454-A6F6-0D13740AF5D5}.Release|x86.ActiveCfg = Release|Win32
		{219CA5D7-DF5D-4454-A6F6-0D13740AF5D5}.Release|x86.Build.0 = Release|Win32
		{F22E4C91-20FE-4608-9408-BF3C95768424}.Debug|x64.ActiveCfg = Debug|x64
		{F22E4C91-20FE-4608-9408-BF3C95768424}.Debug|x64.Build.0 = Debug|x64
		{F22E4C91-20FE-4608-9408-BF3C95768424}.Debug|x86.ActiveCfg = Debug|Win32
		{F22E4C91-20FE-4608-9408-BF3C95768424}.Debug|x86.Build.0 = Debug|Win32
		{F22E4C91-20FE-4608-9408-BF3C95768424}.Release|x64.ActiveCfg = Release|x64
		{F22E4C91-20FE-4608-9408-BF3C95768424}.Release|x64.Build.0 = Release|x64
		{F22E4C91-20FE-4608-9408-BF3C95768424}.Release|x86.ActiveCfg = Release|Win32
		{F22E4C91-20FE-4608-9408-BF3C95768424}.Release|x86.Build.0 = Release|Win32
		{1569F220-2558-47CB-9C0F-498896AF3FB5}.Debug|x64.ActiveCfg = Debug|x64
		{1569F220-2558-47CB-9C0F-498896AF3FB5}.Debug|x64.Build.0 = Debug|x64
		{1569F220-2558-47CB-9C0F-498896AF3FB5}.Debug|x86.ActiveCfg = Debug|Win32
		{1569F220-2558-47CB-9C0F-498896AF3FB5}.Debug|x86.Build.0 = Debug|Win32
		{1569F220-2558-47CB-9C0F-498896AF3FB5}.Release|x64.ActiveCfg = Release|x64
		{1569F220-2558-47CB-9C0F-498896AF3FB5}.Release|x64.Build.0 = Release|x64
		{1569F220-2558-47CB-9C0F-498896AF3FB5}.Release|x86.ActiveCfg = Release|Win32
		{1569F220-2558-47CB-9C0F-498896AF3FB5}.Release|x86.Build.0 = Release|Win32
		{B6191268-E68C-4CF5-921D-38FD47F057F5}.Debug|x64.ActiveCfg = Debug|x64
		{B6191268-E68C-4CF5-921D-38FD47F057F5}.Debug|x64.Build.0 = Debug|x64
		{B6191268-E68C-4CF5-921D-38FD47F057F5}.Debug|x86.ActiveCfg = Debug|Win32
		{B6191268-E68C-4CF5-921D-38FD47F057F5}.Debug|x86.Build.0 = Debug|Win32
		{B6191268-E68C-4CF5-921D-38FD47F057F5}.Release|x64.ActiveCfg = Release|x64
		{B6191268-E68C-4CF5-921D-38FD47F057F5}.Release|x64.Build.0 = Release|x64
		{B6191268-E68C-4CF5-921D-38FD47F057F5}.Release|x86.ActiveCfg = Release|Win32
		{B6191268-E68C-4CF5-921D-38FD47F057F5}.Release|x86.Build.0 = Release|Win32
		{5B2CECE7-0CCD-404F-B40C-69E3B69C91F9}.Debug|x64.ActiveCfg = Debug|x64
		{5B2CECE7-0CCD-404F-B40C-69E3B69C91F9}.Debug|x64.Build.0 = Debug|x64
		{5B2CECE7-0CCD-404F-B40C-69E3B69C91F9}.Debug|x86.ActiveCfg = Debug|Win32
		{5B2CECE7-0CCD-404F-B40C-69E3B69C91F9}.Debug|x86.Build.0 = Debug|Win32
		{5B2CECE7-0CCD-404F-B40C-69E3B69C91F9}.Release|x64.ActiveCfg = Release|x64
		{5B2CECE7-0CCD-404F-B40C-69E3B69C91F9}.Release|x64.Build.0 = Release|x64
		{5B2CECE7-0CCD-404F-B40C-69E3B69C91F9}.Release|x86.ActiveCfg = Release|Win32
		{5B2CECE7-0CCD-404F-B40C-69E3B69C91F9}.Release|x86.Build.0 = Release|Win32
		{C50AE79A-4AFB-4764-BC44-CF292EFB82E9}.Debug|x64.ActiveCfg = Debug|x64
		{C50AE79A-4AFB-4764-BC44-CF292EFB82E9}.Debug|x64.Build.0 = Debug|x64
		{C50AE79A-4AFB-4764-BC44-CF292EFB82E9}.Debug|x86.ActiveCfg = Debug|Win32
		{C50AE79A-4AFB-4764-BC44-CF292EFB82E9}.Debug|x86.Build.0 = Debug|Win32
		{C50AE79A-4AFB-4764-BC44-CF292EFB82E9}.Release|x64.ActiveCfg = Release|x64
		{C50AE79A-4AFB-4764-BC44-CF292EFB82E9}.Release|x64.Build.0 = Release|x64
		{C50AE79A-4AFB-4764-BC44-CF292EFB82E9}.Release|x86.ActiveCfg = Release|Win32
		{C50AE79A-4AFB-4764-BC44-CF292EFB82E9}.Release|x86.Build.0 = Release|Win32
		{473E0C6A-6291-47B3-8B50-E00D85BA24DF}.Debug|x64.ActiveCfg = Debug|x64
		{473E0C6A-6291-47B3-8B50-E00D85BA24DF}.Debug|x64.Build.0 = Debug|x64
		{473E0C6A-6291-47B3-8B50-E00D85BA24DF}.Debug|x86.ActiveCfg = Debug|Win32
		{473E0C6A-6291-47B3-8B50-E00D85BA24DF}.Debug|x86.Build.0 = Debug|Win32
		{473E0C6A-6291-47B3-8B50-E00D85BA24DF}.Release|x64.ActiveCfg = Release|x64
		{473E0C6A-6291-47B3-8B50-E00D85BA24DF}.Release|x64.Build.0 = Release|x64
		{473E0C6A-6291-47B3-8B50-E00D85BA24DF}.Release|x86.ActiveCfg = Release|Win32
		{473E0C6A-6291-47B3-8B50-E00D85BA24DF}.Release|x86.Build.0 = Release|Win32
		{81C1FD86-4C45-4A20-977B-25F706BA3A91}.Debug|x64.ActiveCfg = Debug|x64
		{81C1FD86-4C45-4A20-977B-25F706BA3A91}.Debug|x64.Build.0 = Debug|x64
		{81C1FD86-4C45-4A20-977B-25F706BA3A91}.Debug|x86.ActiveCfg = Debug|Win32
		{81C1FD86-4C45-4A20-977B-25F706BA3A91}.Debug|x86.Build.0 = Debug|Win32
		{81C1FD86-4C45-4A20-977B-25F706BA3A91}.Release|x64.ActiveCfg = Release|x64
		{81C1FD86-4C45-4A20-977B-25F706BA3A91}.Release|x64.Build.0 = Release|x64
		{81C1FD86-4C45-4A20-977B-25F706BA3A91}.Release|x86.ActiveCfg = Release|Win32
		{81C1FD86-4C45-4A20-977B-25F706BA3A91}.Release|x86.Build.0 = Release|Win32
		{BAC9B63A-7B55-40AE-A0C8-983A00F5FCB3}.Debug|x64.ActiveCfg = Debug|x64
		{BAC9B63A-7B55-40AE-A0C8-983A00F5FCB3}.Debug|x64.Build.0 = Debug|x64
		{BAC9B63A-7B55-40AE-A0C8-983A00F5FCB3}.Debug|x86.ActiveCfg = Debug|Win32
		{BAC9B63A-7B55-40AE-A0C8-983A00F5FCB3}.Debug|x86.Build.0 = Debug|Win32
		{BAC9B63A-7B55-40AE-A0C8-983A00F5FCB3}.Release|x64.ActiveCfg = Release|x64
		{BAC9B63A-7B55-40AE-A0C8-983A00F5FCB3}.Release|x64.Build.0 = Release|x64
		{BAC9B63A-7B55-40AE-A0C8-983A00F5FCB3}.Release|x86.ActiveCfg = Release|Win32
		{BAC9B63A-7B55-40AE-A0C8-983A00F5FCB3}.Release|x86.Build.0 = Release|Win32
		{B0DA8559-6219-4E5E-A5A9-3522DED32650}.Debug|x64.ActiveCfg = Debug|x64
		{B0DA8559-6219-4E5E-A5A9-3522DED32650}.Debug|x64.Build.0 = Debug|x64
		{B0DA8559-6219-4E5E-A5A9-3522DED32650}.Debug|x86.ActiveCfg = Debug|Win32
		{B0DA8559-6219-4E5E-A5A9-3522DED32650}.Debug|x86.Build.0 = Debug|Win32
		{B0DA8559-6219-4E5E-A5A9-3522DED32650}.Release|x64.ActiveCfg = Release|x64
		{B0DA8559-6219-4E5E-A5A9-3522DED32650}.Release|x64.Build.0 = Release|x64
		{B0DA8559-6219-4E5E-A5A9-3522DED32650}.Release|x86.ActiveCfg = Release|Win32
		{B0DA8559-6219-4E5E-A5A9-3522DED32650}.Release|x86.Build.0 = Release|Win32
		{16FE703F-6B1B-45F9-8C1A-7B0BCA60EF9C}.Debug|x64.ActiveCfg = Debug|x64
		{16FE703F-6B1B-45F9-8C1A-7B0BCA60EF9C}.Debug|x64.Build.0 = Debug|x64
		{16FE703F-6B1B-45F9-8C1A-7B0BCA60EF9C}.Debug|x86.ActiveCfg = Debug|Win32
		{16FE703F-6B1B-45F9-8C1A-7B0BCA60EF9C}.Debug|x86.Build.0 = Debug|Win32
		{16FE703F-6B1B-45F9-8C1A-7B0BCA60EF9C}.Release|x64.ActiveCfg = Release|x64
		{16FE703F-6B1B-45F9-8C1A-7B0BCA60EF9C}.Release|x64.Build.0 = Release|x64
		{16FE703F-6B1B-45F9-8C1A-7B0BCA60EF9C}.Release|x86.ActiveCfg = Release|Win32
		{16FE703F-6B1B-45F9-8C1A-7B0BCA60EF9C}.Release|x86.Build.0 = Release|Win32
	EndGlobalSection
	GlobalSection(SolutionProperties) = preSolution
		HideSolutionNode = FALSE
	EndGlobalSection
	GlobalSection(ExtensibilityGlobals) = postSolution
		SolutionGuid = {B27C5CB6-7294-4422-9C44-D83CE568129B}
	EndGlobalSection
EndGlobal
